PODS:
  - Ads-CN (4.3.0.5):
    - Ads-CN/BUAdSDK (= 4.3.0.5)
  - Ads-CN/BUAdSDK (4.3.0.5):
    - Ads-CN/BUFoundation
    - Ads-CN/Domestic
  - Ads-CN/BUFoundation (4.3.0.5):
    - BURelyFoundation (= 0.0.1.47)
  - Ads-CN/Domestic (4.3.0.5):
    - Ads-CN/BUFoundation
  - BaiduMobAdSDK (4.83)
  - BURelyFoundation (0.0.1.47):
    - BURelyFoundation/HM (= 0.0.1.47)
    - BURelyFoundation/NETWork (= 0.0.1.47)
  - BURelyFoundation/HM (0.0.1.47)
  - BURelyFoundation/NETWork (0.0.1.47)
  - Firebase/AdMob (7.11.0):
    - Firebase/CoreOnly
    - Google-Mobile-Ads-SDK (~> 7.66)
  - Firebase/CoreOnly (7.11.0):
    - FirebaseCore (= 7.11.0)
  - FirebaseCore (7.11.0):
    - FirebaseCoreDiagnostics (~> 7.4)
    - GoogleUtilities/Environment (~> 7.0)
    - GoogleUtilities/Logger (~> 7.0)
  - FirebaseCoreDiagnostics (7.11.0):
    - GoogleDataTransport (~> 8.4)
    - GoogleUtilities/Environment (~> 7.0)
    - GoogleUtilities/Logger (~> 7.0)
    - nanopb (~> 2.30908.0)
  - GDTMobSDK (4.13.53):
    - GDTMobSDK/GDTMobSDK (= 4.13.53)
  - GDTMobSDK/GDTMobSDK (4.13.53)
  - Google-Mobile-Ads-SDK (7.69.0):
    - GoogleAppMeasurement (~> 7.0)
    - GoogleUserMessagingPlatform (~> 1.1)
  - GoogleAppMeasurement (7.11.0):
    - GoogleAppMeasurement/AdIdSupport (= 7.11.0)
    - GoogleUtilities/AppDelegateSwizzler (~> 7.0)
    - GoogleUtilities/MethodSwizzler (~> 7.0)
    - GoogleUtilities/Network (~> 7.0)
    - "GoogleUtilities/NSData+zlib (~> 7.0)"
    - nanopb (~> 2.30908.0)
  - GoogleAppMeasurement/AdIdSupport (7.11.0):
    - GoogleUtilities/AppDelegateSwizzler (~> 7.0)
    - GoogleUtilities/MethodSwizzler (~> 7.0)
    - GoogleUtilities/Network (~> 7.0)
    - "GoogleUtilities/NSData+zlib (~> 7.0)"
    - nanopb (~> 2.30908.0)
  - GoogleDataTransport (8.4.0):
    - GoogleUtilities/Environment (~> 7.2)
    - nanopb (~> 2.30908.0)
    - PromisesObjC (~> 1.2)
  - GoogleUserMessagingPlatform (1.4.0)
  - GoogleUtilities/AppDelegateSwizzler (7.7.0):
    - GoogleUtilities/Environment
    - GoogleUtilities/Logger
    - GoogleUtilities/Network
  - GoogleUtilities/Environment (7.7.0):
    - PromisesObjC (< 3.0, >= 1.2)
  - GoogleUtilities/Logger (7.7.0):
    - GoogleUtilities/Environment
  - GoogleUtilities/MethodSwizzler (7.7.0):
    - GoogleUtilities/Logger
  - GoogleUtilities/Network (7.7.0):
    - GoogleUtilities/Logger
    - "GoogleUtilities/NSData+zlib"
    - GoogleUtilities/Reachability
  - "GoogleUtilities/NSData+zlib (7.7.0)"
  - GoogleUtilities/Reachability (7.7.0):
    - GoogleUtilities/Logger
  - nanopb (2.30908.0):
    - nanopb/decode (= 2.30908.0)
    - nanopb/encode (= 2.30908.0)
  - nanopb/decode (2.30908.0)
  - nanopb/encode (2.30908.0)
  - PromisesObjC (1.2.12)

DEPENDENCIES:
  - Ads-CN
  - BaiduMobAdSDK (= 4.83)
  - Firebase/AdMob
  - GDTMobSDK

SPEC REPOS:
  https://github.com/CocoaPods/Specs.git:
    - Ads-CN
    - BaiduMobAdSDK
    - BURelyFoundation
    - Firebase
    - FirebaseCore
    - FirebaseCoreDiagnostics
    - GDTMobSDK
    - Google-Mobile-Ads-SDK
    - GoogleAppMeasurement
    - GoogleDataTransport
    - GoogleUserMessagingPlatform
    - GoogleUtilities
    - nanopb
    - PromisesObjC

SPEC CHECKSUMS:
  Ads-CN: b6b1294ba4e938168475ceacc786f7263d8b9747
  BaiduMobAdSDK: d3006333637dacac0ef9808655a686e18019f033
  BURelyFoundation: 5e7f811867d3ee91ed20e426c505e31c55674256
  Firebase: c121feb35e4126c0b355e3313fa9b487d47319fd
  FirebaseCore: 907447d8917a4d3eb0cce2829c5a0ad21d90b432
  FirebaseCoreDiagnostics: 68ad972f99206cef818230f3f3179d52ccfb7f8c
  GDTMobSDK: 08e5a0fa193a850e55330c1fb09063418e88465b
  Google-Mobile-Ads-SDK: 2f288748a42920d1c744946a460896a95b0e9110
  GoogleAppMeasurement: fd19169c3034975cb934e865e5667bfdce59df7f
  GoogleDataTransport: cd9db2180fcecd8da1b561aea31e3e56cf834aa7
  GoogleUserMessagingPlatform: b168e8c46cd8f92aa3e34b584c4ca78a411ce367
  GoogleUtilities: e0913149f6b0625b553d70dae12b49fc62914fd1
  nanopb: a0ba3315591a9ae0a16a309ee504766e90db0c96
  PromisesObjC: 3113f7f76903778cf4a0586bd1ab89329a0b7b97

PODFILE CHECKSUM: f3aed4c3345da1e9bb5e940780fea0308b28445e

COCOAPODS: 1.11.2
