// !$*UTF8*$!
{
	archiveVersion = 1;
	classes = {
	};
	objectVersion = 46;
	objects = {

/* Begin PBXBuildFile section */
		6D25616E1D90ECC9001EC090 /* ViewController.m in Sources */ = {isa = PBXBuildFile; fileRef = 6D25616D1D90ECC9001EC090 /* ViewController.m */; };
		6D2A01D71DB08DEA00D559BC /* AVFoundation.framework in Frameworks */ = {isa = PBXBuildFile; fileRef = 6D2A01D61DB08DEA00D559BC /* AVFoundation.framework */; };
		6D2A01DB1DB0C4FE00D559BC /* CoreMedia.framework in Frameworks */ = {isa = PBXBuildFile; fileRef = 6D2A01DA1DB0C4FE00D559BC /* CoreMedia.framework */; };
		6D2BBA391D93E2840089E75B /* libc++.tbd in Frameworks */ = {isa = PBXBuildFile; fileRef = 6D2BBA381D93E2840089E75B /* libc++.tbd */; };
		6D2D4B7D1D922BA100DA5D76 /* AdSupport.framework in Frameworks */ = {isa = PBXBuildFile; fileRef = 6D2D4B7C1D922BA100DA5D76 /* AdSupport.framework */; };
		6D2D4B7F1D922BA700DA5D76 /* StoreKit.framework in Frameworks */ = {isa = PBXBuildFile; fileRef = 6D2D4B7E1D922BA700DA5D76 /* StoreKit.framework */; };
		6D2D4B831D922BB200DA5D76 /* CoreMotion.framework in Frameworks */ = {isa = PBXBuildFile; fileRef = 6D2D4B821D922BB200DA5D76 /* CoreMotion.framework */; };
		6D2D4B851D922BB700DA5D76 /* MessageUI.framework in Frameworks */ = {isa = PBXBuildFile; fileRef = 6D2D4B841D922BB700DA5D76 /* MessageUI.framework */; };
		6D2D4B871D922BBD00DA5D76 /* CoreLocation.framework in Frameworks */ = {isa = PBXBuildFile; fileRef = 6D2D4B861D922BBD00DA5D76 /* CoreLocation.framework */; };
		6D2D4B891D922BC200DA5D76 /* CoreTelephony.framework in Frameworks */ = {isa = PBXBuildFile; fileRef = 6D2D4B881D922BC200DA5D76 /* CoreTelephony.framework */; };
		6D2D4B8B1D922BCA00DA5D76 /* SystemConfiguration.framework in Frameworks */ = {isa = PBXBuildFile; fileRef = 6D2D4B8A1D922BCA00DA5D76 /* SystemConfiguration.framework */; };
		6D4F18E81D9523CC00D0AF9A /* YYTFramework.podspec in Resources */ = {isa = PBXBuildFile; fileRef = 6D4F18E71D9523CC00D0AF9A /* YYTFramework.podspec */; };
		6D4F18F81D95254E00D0AF9A /* baidumobadsdk.bundle in Resources */ = {isa = PBXBuildFile; fileRef = 6D4F18E91D95254E00D0AF9A /* baidumobadsdk.bundle */; };
		6D4F18F91D95254E00D0AF9A /* BaiduMobAdSDK.framework in Frameworks */ = {isa = PBXBuildFile; fileRef = 6D4F18EA1D95254E00D0AF9A /* BaiduMobAdSDK.framework */; };
		6D4F18FA1D95254E00D0AF9A /* Reachability.m in Sources */ = {isa = PBXBuildFile; fileRef = 6D4F18EC1D95254E00D0AF9A /* Reachability.m */; };
		6D4F18FB1D95254E00D0AF9A /* YYTAdManager.m in Sources */ = {isa = PBXBuildFile; fileRef = 6D4F18EF1D95254E00D0AF9A /* YYTAdManager.m */; };
		6D4F18FC1D95254E00D0AF9A /* YYTAdModel.m in Sources */ = {isa = PBXBuildFile; fileRef = 6D4F18F11D95254E00D0AF9A /* YYTAdModel.m */; };
		6D4F18FD1D95254E00D0AF9A /* YYTBaseAdManager.m in Sources */ = {isa = PBXBuildFile; fileRef = 6D4F18F31D95254E00D0AF9A /* YYTBaseAdManager.m */; };
		6D4F18FE1D95254E00D0AF9A /* YYTFullAdManager.m in Sources */ = {isa = PBXBuildFile; fileRef = 6D4F18F51D95254E00D0AF9A /* YYTFullAdManager.m */; };
		6D4F18FF1D95254E00D0AF9A /* YYTLoadingPageAdManager.m in Sources */ = {isa = PBXBuildFile; fileRef = 6D4F18F71D95254E00D0AF9A /* YYTLoadingPageAdManager.m */; };
		6D4FEFBF1D8F82BD00B0FA63 /* main.m in Sources */ = {isa = PBXBuildFile; fileRef = 6D4FEFBE1D8F82BD00B0FA63 /* main.m */; };
		6D4FEFC21D8F82BD00B0FA63 /* AppDelegate.m in Sources */ = {isa = PBXBuildFile; fileRef = 6D4FEFC11D8F82BD00B0FA63 /* AppDelegate.m */; };
		6D4FEFCA1D8F82BD00B0FA63 /* Assets.xcassets in Resources */ = {isa = PBXBuildFile; fileRef = 6D4FEFC91D8F82BD00B0FA63 /* Assets.xcassets */; };
		6D4FEFCD1D8F82BD00B0FA63 /* LaunchScreen.storyboard in Resources */ = {isa = PBXBuildFile; fileRef = 6D4FEFCB1D8F82BD00B0FA63 /* LaunchScreen.storyboard */; };
		6DBF3D791E2DC08000472E15 /* libGDTMobSDK.a in Frameworks */ = {isa = PBXBuildFile; fileRef = 6DBF3D781E2DC08000472E15 /* libGDTMobSDK.a */; };
		FFD676E888BF468291F6476E /* libPods-YYTFramework.a in Frameworks */ = {isa = PBXBuildFile; fileRef = 58057CF0A90C96267DEB376D /* libPods-YYTFramework.a */; };
/* End PBXBuildFile section */

/* Begin PBXFileReference section */
		58057CF0A90C96267DEB376D /* libPods-YYTFramework.a */ = {isa = PBXFileReference; explicitFileType = archive.ar; includeInIndex = 0; path = "libPods-YYTFramework.a"; sourceTree = BUILT_PRODUCTS_DIR; };
		5D00BB1446BA4AAA494E3486 /* Pods-YYTFramework.debug.xcconfig */ = {isa = PBXFileReference; includeInIndex = 1; lastKnownFileType = text.xcconfig; name = "Pods-YYTFramework.debug.xcconfig"; path = "Pods/Target Support Files/Pods-YYTFramework/Pods-YYTFramework.debug.xcconfig"; sourceTree = "<group>"; };
		6D25616C1D90ECC9001EC090 /* ViewController.h */ = {isa = PBXFileReference; fileEncoding = 4; lastKnownFileType = sourcecode.c.h; path = ViewController.h; sourceTree = "<group>"; };
		6D25616D1D90ECC9001EC090 /* ViewController.m */ = {isa = PBXFileReference; fileEncoding = 4; lastKnownFileType = sourcecode.c.objc; path = ViewController.m; sourceTree = "<group>"; };
		6D2A01D61DB08DEA00D559BC /* AVFoundation.framework */ = {isa = PBXFileReference; lastKnownFileType = wrapper.framework; name = AVFoundation.framework; path = System/Library/Frameworks/AVFoundation.framework; sourceTree = SDKROOT; };
		6D2A01DA1DB0C4FE00D559BC /* CoreMedia.framework */ = {isa = PBXFileReference; lastKnownFileType = wrapper.framework; name = CoreMedia.framework; path = System/Library/Frameworks/CoreMedia.framework; sourceTree = SDKROOT; };
		6D2BBA381D93E2840089E75B /* libc++.tbd */ = {isa = PBXFileReference; lastKnownFileType = "sourcecode.text-based-dylib-definition"; name = "libc++.tbd"; path = "usr/lib/libc++.tbd"; sourceTree = SDKROOT; };
		6D2D4B7C1D922BA100DA5D76 /* AdSupport.framework */ = {isa = PBXFileReference; lastKnownFileType = wrapper.framework; name = AdSupport.framework; path = System/Library/Frameworks/AdSupport.framework; sourceTree = SDKROOT; };
		6D2D4B7E1D922BA700DA5D76 /* StoreKit.framework */ = {isa = PBXFileReference; lastKnownFileType = wrapper.framework; name = StoreKit.framework; path = System/Library/Frameworks/StoreKit.framework; sourceTree = SDKROOT; };
		6D2D4B821D922BB200DA5D76 /* CoreMotion.framework */ = {isa = PBXFileReference; lastKnownFileType = wrapper.framework; name = CoreMotion.framework; path = System/Library/Frameworks/CoreMotion.framework; sourceTree = SDKROOT; };
		6D2D4B841D922BB700DA5D76 /* MessageUI.framework */ = {isa = PBXFileReference; lastKnownFileType = wrapper.framework; name = MessageUI.framework; path = System/Library/Frameworks/MessageUI.framework; sourceTree = SDKROOT; };
		6D2D4B861D922BBD00DA5D76 /* CoreLocation.framework */ = {isa = PBXFileReference; lastKnownFileType = wrapper.framework; name = CoreLocation.framework; path = System/Library/Frameworks/CoreLocation.framework; sourceTree = SDKROOT; };
		6D2D4B881D922BC200DA5D76 /* CoreTelephony.framework */ = {isa = PBXFileReference; lastKnownFileType = wrapper.framework; name = CoreTelephony.framework; path = System/Library/Frameworks/CoreTelephony.framework; sourceTree = SDKROOT; };
		6D2D4B8A1D922BCA00DA5D76 /* SystemConfiguration.framework */ = {isa = PBXFileReference; lastKnownFileType = wrapper.framework; name = SystemConfiguration.framework; path = System/Library/Frameworks/SystemConfiguration.framework; sourceTree = SDKROOT; };
		6D4F18E71D9523CC00D0AF9A /* YYTFramework.podspec */ = {isa = PBXFileReference; fileEncoding = 4; lastKnownFileType = text; name = YYTFramework.podspec; path = ../YYTFramework.podspec; sourceTree = "<group>"; };
		6D4F18E91D95254E00D0AF9A /* baidumobadsdk.bundle */ = {isa = PBXFileReference; lastKnownFileType = "wrapper.plug-in"; path = baidumobadsdk.bundle; sourceTree = "<group>"; };
		6D4F18EA1D95254E00D0AF9A /* BaiduMobAdSDK.framework */ = {isa = PBXFileReference; lastKnownFileType = wrapper.framework; path = BaiduMobAdSDK.framework; sourceTree = "<group>"; };
		6D4F18EB1D95254E00D0AF9A /* Reachability.h */ = {isa = PBXFileReference; fileEncoding = 4; lastKnownFileType = sourcecode.c.h; path = Reachability.h; sourceTree = "<group>"; };
		6D4F18EC1D95254E00D0AF9A /* Reachability.m */ = {isa = PBXFileReference; fileEncoding = 4; lastKnownFileType = sourcecode.c.objc; path = Reachability.m; sourceTree = "<group>"; };
		6D4F18ED1D95254E00D0AF9A /* YYTAdHeader.h */ = {isa = PBXFileReference; fileEncoding = 4; lastKnownFileType = sourcecode.c.h; path = YYTAdHeader.h; sourceTree = "<group>"; };
		6D4F18EE1D95254E00D0AF9A /* YYTAdManager.h */ = {isa = PBXFileReference; fileEncoding = 4; lastKnownFileType = sourcecode.c.h; path = YYTAdManager.h; sourceTree = "<group>"; };
		6D4F18EF1D95254E00D0AF9A /* YYTAdManager.m */ = {isa = PBXFileReference; fileEncoding = 4; lastKnownFileType = sourcecode.c.objc; path = YYTAdManager.m; sourceTree = "<group>"; };
		6D4F18F01D95254E00D0AF9A /* YYTAdModel.h */ = {isa = PBXFileReference; fileEncoding = 4; lastKnownFileType = sourcecode.c.h; path = YYTAdModel.h; sourceTree = "<group>"; };
		6D4F18F11D95254E00D0AF9A /* YYTAdModel.m */ = {isa = PBXFileReference; fileEncoding = 4; lastKnownFileType = sourcecode.c.objc; path = YYTAdModel.m; sourceTree = "<group>"; };
		6D4F18F21D95254E00D0AF9A /* YYTBaseAdManager.h */ = {isa = PBXFileReference; fileEncoding = 4; lastKnownFileType = sourcecode.c.h; path = YYTBaseAdManager.h; sourceTree = "<group>"; };
		6D4F18F31D95254E00D0AF9A /* YYTBaseAdManager.m */ = {isa = PBXFileReference; fileEncoding = 4; lastKnownFileType = sourcecode.c.objc; path = YYTBaseAdManager.m; sourceTree = "<group>"; };
		6D4F18F41D95254E00D0AF9A /* YYTFullAdManager.h */ = {isa = PBXFileReference; fileEncoding = 4; lastKnownFileType = sourcecode.c.h; path = YYTFullAdManager.h; sourceTree = "<group>"; };
		6D4F18F51D95254E00D0AF9A /* YYTFullAdManager.m */ = {isa = PBXFileReference; fileEncoding = 4; lastKnownFileType = sourcecode.c.objc; path = YYTFullAdManager.m; sourceTree = "<group>"; };
		6D4F18F61D95254E00D0AF9A /* YYTLoadingPageAdManager.h */ = {isa = PBXFileReference; fileEncoding = 4; lastKnownFileType = sourcecode.c.h; path = YYTLoadingPageAdManager.h; sourceTree = "<group>"; };
		6D4F18F71D95254E00D0AF9A /* YYTLoadingPageAdManager.m */ = {isa = PBXFileReference; fileEncoding = 4; lastKnownFileType = sourcecode.c.objc; path = YYTLoadingPageAdManager.m; sourceTree = "<group>"; };
		6D4FEFBA1D8F82BD00B0FA63 /* YYTFramework.app */ = {isa = PBXFileReference; explicitFileType = wrapper.application; includeInIndex = 0; path = YYTFramework.app; sourceTree = BUILT_PRODUCTS_DIR; };
		6D4FEFBE1D8F82BD00B0FA63 /* main.m */ = {isa = PBXFileReference; lastKnownFileType = sourcecode.c.objc; path = main.m; sourceTree = "<group>"; };
		6D4FEFC01D8F82BD00B0FA63 /* AppDelegate.h */ = {isa = PBXFileReference; lastKnownFileType = sourcecode.c.h; path = AppDelegate.h; sourceTree = "<group>"; };
		6D4FEFC11D8F82BD00B0FA63 /* AppDelegate.m */ = {isa = PBXFileReference; lastKnownFileType = sourcecode.c.objc; path = AppDelegate.m; sourceTree = "<group>"; };
		6D4FEFC91D8F82BD00B0FA63 /* Assets.xcassets */ = {isa = PBXFileReference; lastKnownFileType = folder.assetcatalog; path = Assets.xcassets; sourceTree = "<group>"; };
		6D4FEFCC1D8F82BD00B0FA63 /* Base */ = {isa = PBXFileReference; lastKnownFileType = file.storyboard; name = Base; path = Base.lproj/LaunchScreen.storyboard; sourceTree = "<group>"; };
		6D4FEFCE1D8F82BD00B0FA63 /* Info.plist */ = {isa = PBXFileReference; lastKnownFileType = text.plist.xml; path = Info.plist; sourceTree = "<group>"; };
		6DBF3D731E2DC08000472E15 /* GDTMobBannerView.h */ = {isa = PBXFileReference; fileEncoding = 4; lastKnownFileType = sourcecode.c.h; path = GDTMobBannerView.h; sourceTree = "<group>"; };
		6DBF3D741E2DC08000472E15 /* GDTMobInterstitial.h */ = {isa = PBXFileReference; fileEncoding = 4; lastKnownFileType = sourcecode.c.h; path = GDTMobInterstitial.h; sourceTree = "<group>"; };
		6DBF3D751E2DC08000472E15 /* GDTNativeAd.h */ = {isa = PBXFileReference; fileEncoding = 4; lastKnownFileType = sourcecode.c.h; path = GDTNativeAd.h; sourceTree = "<group>"; };
		6DBF3D761E2DC08000472E15 /* GDTSplashAd.h */ = {isa = PBXFileReference; fileEncoding = 4; lastKnownFileType = sourcecode.c.h; path = GDTSplashAd.h; sourceTree = "<group>"; };
		6DBF3D771E2DC08000472E15 /* GDTTrack.h */ = {isa = PBXFileReference; fileEncoding = 4; lastKnownFileType = sourcecode.c.h; path = GDTTrack.h; sourceTree = "<group>"; };
		6DBF3D781E2DC08000472E15 /* libGDTMobSDK.a */ = {isa = PBXFileReference; lastKnownFileType = archive.ar; path = libGDTMobSDK.a; sourceTree = "<group>"; };
		D25E46611E5E7D06625D4EA9 /* Pods-YYTFramework.release.xcconfig */ = {isa = PBXFileReference; includeInIndex = 1; lastKnownFileType = text.xcconfig; name = "Pods-YYTFramework.release.xcconfig"; path = "Pods/Target Support Files/Pods-YYTFramework/Pods-YYTFramework.release.xcconfig"; sourceTree = "<group>"; };
/* End PBXFileReference section */

/* Begin PBXFrameworksBuildPhase section */
		6D4FEFB71D8F82BD00B0FA63 /* Frameworks */ = {
			isa = PBXFrameworksBuildPhase;
			buildActionMask = 2147483647;
			files = (
				6D2A01DB1DB0C4FE00D559BC /* CoreMedia.framework in Frameworks */,
				6D2A01D71DB08DEA00D559BC /* AVFoundation.framework in Frameworks */,
				6D2BBA391D93E2840089E75B /* libc++.tbd in Frameworks */,
				6D2D4B8B1D922BCA00DA5D76 /* SystemConfiguration.framework in Frameworks */,
				6D2D4B891D922BC200DA5D76 /* CoreTelephony.framework in Frameworks */,
				6D2D4B871D922BBD00DA5D76 /* CoreLocation.framework in Frameworks */,
				6D2D4B851D922BB700DA5D76 /* MessageUI.framework in Frameworks */,
				6D2D4B831D922BB200DA5D76 /* CoreMotion.framework in Frameworks */,
				6D2D4B7F1D922BA700DA5D76 /* StoreKit.framework in Frameworks */,
				6D2D4B7D1D922BA100DA5D76 /* AdSupport.framework in Frameworks */,
				6DBF3D791E2DC08000472E15 /* libGDTMobSDK.a in Frameworks */,
				FFD676E888BF468291F6476E /* libPods-YYTFramework.a in Frameworks */,
				6D4F18F91D95254E00D0AF9A /* BaiduMobAdSDK.framework in Frameworks */,
			);
			runOnlyForDeploymentPostprocessing = 0;
		};
/* End PBXFrameworksBuildPhase section */

/* Begin PBXGroup section */
		3DB51DB8B598FFBA8547568E /* Pods */ = {
			isa = PBXGroup;
			children = (
				5D00BB1446BA4AAA494E3486 /* Pods-YYTFramework.debug.xcconfig */,
				D25E46611E5E7D06625D4EA9 /* Pods-YYTFramework.release.xcconfig */,
			);
			name = Pods;
			sourceTree = "<group>";
		};
		4B0044F9AC2603D9585F4F32 /* Frameworks */ = {
			isa = PBXGroup;
			children = (
				6D2A01DA1DB0C4FE00D559BC /* CoreMedia.framework */,
				6D2A01D61DB08DEA00D559BC /* AVFoundation.framework */,
				6D2BBA381D93E2840089E75B /* libc++.tbd */,
				6D2D4B8A1D922BCA00DA5D76 /* SystemConfiguration.framework */,
				6D2D4B881D922BC200DA5D76 /* CoreTelephony.framework */,
				6D2D4B861D922BBD00DA5D76 /* CoreLocation.framework */,
				6D2D4B841D922BB700DA5D76 /* MessageUI.framework */,
				6D2D4B821D922BB200DA5D76 /* CoreMotion.framework */,
				6D2D4B7E1D922BA700DA5D76 /* StoreKit.framework */,
				6D2D4B7C1D922BA100DA5D76 /* AdSupport.framework */,
				58057CF0A90C96267DEB376D /* libPods-YYTFramework.a */,
			);
			name = Frameworks;
			sourceTree = "<group>";
		};
		6D0E1BB61D910EEB00FD11B7 /* Source */ = {
			isa = PBXGroup;
			children = (
				6DBF3D731E2DC08000472E15 /* GDTMobBannerView.h */,
				6DBF3D741E2DC08000472E15 /* GDTMobInterstitial.h */,
				6DBF3D751E2DC08000472E15 /* GDTNativeAd.h */,
				6DBF3D761E2DC08000472E15 /* GDTSplashAd.h */,
				6DBF3D771E2DC08000472E15 /* GDTTrack.h */,
				6DBF3D781E2DC08000472E15 /* libGDTMobSDK.a */,
				6D4F18E91D95254E00D0AF9A /* baidumobadsdk.bundle */,
				6D4F18EA1D95254E00D0AF9A /* BaiduMobAdSDK.framework */,
				6D4F18EB1D95254E00D0AF9A /* Reachability.h */,
				6D4F18EC1D95254E00D0AF9A /* Reachability.m */,
				6D4F18ED1D95254E00D0AF9A /* YYTAdHeader.h */,
				6D4F18EE1D95254E00D0AF9A /* YYTAdManager.h */,
				6D4F18EF1D95254E00D0AF9A /* YYTAdManager.m */,
				6D4F18F01D95254E00D0AF9A /* YYTAdModel.h */,
				6D4F18F11D95254E00D0AF9A /* YYTAdModel.m */,
				6D4F18F21D95254E00D0AF9A /* YYTBaseAdManager.h */,
				6D4F18F31D95254E00D0AF9A /* YYTBaseAdManager.m */,
				6D4F18F41D95254E00D0AF9A /* YYTFullAdManager.h */,
				6D4F18F51D95254E00D0AF9A /* YYTFullAdManager.m */,
				6D4F18F61D95254E00D0AF9A /* YYTLoadingPageAdManager.h */,
				6D4F18F71D95254E00D0AF9A /* YYTLoadingPageAdManager.m */,
			);
			name = Source;
			path = ../../Source;
			sourceTree = "<group>";
		};
		6D4FEFB11D8F82BD00B0FA63 = {
			isa = PBXGroup;
			children = (
				6D4FEFBC1D8F82BD00B0FA63 /* YYTFramework */,
				6D4FEFBB1D8F82BD00B0FA63 /* Products */,
				6D4F18E71D9523CC00D0AF9A /* YYTFramework.podspec */,
				3DB51DB8B598FFBA8547568E /* Pods */,
				4B0044F9AC2603D9585F4F32 /* Frameworks */,
			);
			sourceTree = "<group>";
		};
		6D4FEFBB1D8F82BD00B0FA63 /* Products */ = {
			isa = PBXGroup;
			children = (
				6D4FEFBA1D8F82BD00B0FA63 /* YYTFramework.app */,
			);
			name = Products;
			sourceTree = "<group>";
		};
		6D4FEFBC1D8F82BD00B0FA63 /* YYTFramework */ = {
			isa = PBXGroup;
			children = (
				6D0E1BB61D910EEB00FD11B7 /* Source */,
				6D4FEFC01D8F82BD00B0FA63 /* AppDelegate.h */,
				6D4FEFC11D8F82BD00B0FA63 /* AppDelegate.m */,
				6D25616C1D90ECC9001EC090 /* ViewController.h */,
				6D25616D1D90ECC9001EC090 /* ViewController.m */,
				6D4FEFC91D8F82BD00B0FA63 /* Assets.xcassets */,
				6D4FEFCB1D8F82BD00B0FA63 /* LaunchScreen.storyboard */,
				6D4FEFCE1D8F82BD00B0FA63 /* Info.plist */,
				6D4FEFBD1D8F82BD00B0FA63 /* Supporting Files */,
			);
			path = YYTFramework;
			sourceTree = "<group>";
		};
		6D4FEFBD1D8F82BD00B0FA63 /* Supporting Files */ = {
			isa = PBXGroup;
			children = (
				6D4FEFBE1D8F82BD00B0FA63 /* main.m */,
			);
			name = "Supporting Files";
			sourceTree = "<group>";
		};
/* End PBXGroup section */

/* Begin PBXNativeTarget section */
		6D4FEFB91D8F82BD00B0FA63 /* YYTFramework */ = {
			isa = PBXNativeTarget;
			buildConfigurationList = 6D4FEFD11D8F82BD00B0FA63 /* Build configuration list for PBXNativeTarget "YYTFramework" */;
			buildPhases = (
				FFCAAFDDFC758C52045407EB /* Check Pods Manifest.lock */,
				6D4FEFB61D8F82BD00B0FA63 /* Sources */,
				6D4FEFB71D8F82BD00B0FA63 /* Frameworks */,
				6D4FEFB81D8F82BD00B0FA63 /* Resources */,
				9A5E3FEE92D6474E15921575 /* Embed Pods Frameworks */,
				FEDDD80EAB6EEE1AA5A65611 /* Copy Pods Resources */,
			);
			buildRules = (
			);
			dependencies = (
			);
			name = YYTFramework;
			productName = YYTFramework;
			productReference = 6D4FEFBA1D8F82BD00B0FA63 /* YYTFramework.app */;
			productType = "com.apple.product-type.application";
		};
/* End PBXNativeTarget section */

/* Begin PBXProject section */
		6D4FEFB21D8F82BD00B0FA63 /* Project object */ = {
			isa = PBXProject;
			attributes = {
				LastUpgradeCheck = 0730;
				ORGANIZATIONNAME = yyt;
				TargetAttributes = {
					6D4FEFB91D8F82BD00B0FA63 = {
						CreatedOnToolsVersion = 7.3.1;
						DevelopmentTeam = J8TMZ49NQ6;
					};
				};
			};
			buildConfigurationList = 6D4FEFB51D8F82BD00B0FA63 /* Build configuration list for PBXProject "YYTFramework" */;
			compatibilityVersion = "Xcode 3.2";
			developmentRegion = English;
			hasScannedForEncodings = 0;
			knownRegions = (
				en,
				Base,
			);
			mainGroup = 6D4FEFB11D8F82BD00B0FA63;
			productRefGroup = 6D4FEFBB1D8F82BD00B0FA63 /* Products */;
			projectDirPath = "";
			projectRoot = "";
			targets = (
				6D4FEFB91D8F82BD00B0FA63 /* YYTFramework */,
			);
		};
/* End PBXProject section */

/* Begin PBXResourcesBuildPhase section */
		6D4FEFB81D8F82BD00B0FA63 /* Resources */ = {
			isa = PBXResourcesBuildPhase;
			buildActionMask = 2147483647;
			files = (
				6D4F18E81D9523CC00D0AF9A /* YYTFramework.podspec in Resources */,
				6D4FEFCD1D8F82BD00B0FA63 /* LaunchScreen.storyboard in Resources */,
				6D4F18F81D95254E00D0AF9A /* baidumobadsdk.bundle in Resources */,
				6D4FEFCA1D8F82BD00B0FA63 /* Assets.xcassets in Resources */,
			);
			runOnlyForDeploymentPostprocessing = 0;
		};
/* End PBXResourcesBuildPhase section */

/* Begin PBXShellScriptBuildPhase section */
		9A5E3FEE92D6474E15921575 /* Embed Pods Frameworks */ = {
			isa = PBXShellScriptBuildPhase;
			buildActionMask = 2147483647;
			files = (
			);
			inputPaths = (
			);
			name = "Embed Pods Frameworks";
			outputPaths = (
			);
			runOnlyForDeploymentPostprocessing = 0;
			shellPath = /bin/sh;
			shellScript = "\"${SRCROOT}/Pods/Target Support Files/Pods-YYTFramework/Pods-YYTFramework-frameworks.sh\"\n";
			showEnvVarsInLog = 0;
		};
		FEDDD80EAB6EEE1AA5A65611 /* Copy Pods Resources */ = {
			isa = PBXShellScriptBuildPhase;
			buildActionMask = 2147483647;
			files = (
			);
			inputPaths = (
			);
			name = "Copy Pods Resources";
			outputPaths = (
			);
			runOnlyForDeploymentPostprocessing = 0;
			shellPath = /bin/sh;
			shellScript = "\"${SRCROOT}/Pods/Target Support Files/Pods-YYTFramework/Pods-YYTFramework-resources.sh\"\n";
			showEnvVarsInLog = 0;
		};
		FFCAAFDDFC758C52045407EB /* Check Pods Manifest.lock */ = {
			isa = PBXShellScriptBuildPhase;
			buildActionMask = 2147483647;
			files = (
			);
			inputPaths = (
			);
			name = "Check Pods Manifest.lock";
			outputPaths = (
			);
			runOnlyForDeploymentPostprocessing = 0;
			shellPath = /bin/sh;
			shellScript = "diff \"${PODS_ROOT}/../Podfile.lock\" \"${PODS_ROOT}/Manifest.lock\" > /dev/null\nif [[ $? != 0 ]] ; then\n    cat << EOM\nerror: The sandbox is not in sync with the Podfile.lock. Run 'pod install' or update your CocoaPods installation.\nEOM\n    exit 1\nfi\n";
			showEnvVarsInLog = 0;
		};
/* End PBXShellScriptBuildPhase section */

/* Begin PBXSourcesBuildPhase section */
		6D4FEFB61D8F82BD00B0FA63 /* Sources */ = {
			isa = PBXSourcesBuildPhase;
			buildActionMask = 2147483647;
			files = (
				6D25616E1D90ECC9001EC090 /* ViewController.m in Sources */,
				6D4FEFC21D8F82BD00B0FA63 /* AppDelegate.m in Sources */,
				6D4F18FA1D95254E00D0AF9A /* Reachability.m in Sources */,
				6D4F18FB1D95254E00D0AF9A /* YYTAdManager.m in Sources */,
				6D4F18FD1D95254E00D0AF9A /* YYTBaseAdManager.m in Sources */,
				6D4FEFBF1D8F82BD00B0FA63 /* main.m in Sources */,
				6D4F18FE1D95254E00D0AF9A /* YYTFullAdManager.m in Sources */,
				6D4F18FF1D95254E00D0AF9A /* YYTLoadingPageAdManager.m in Sources */,
				6D4F18FC1D95254E00D0AF9A /* YYTAdModel.m in Sources */,
			);
			runOnlyForDeploymentPostprocessing = 0;
		};
/* End PBXSourcesBuildPhase section */

/* Begin PBXVariantGroup section */
		6D4FEFCB1D8F82BD00B0FA63 /* LaunchScreen.storyboard */ = {
			isa = PBXVariantGroup;
			children = (
				6D4FEFCC1D8F82BD00B0FA63 /* Base */,
			);
			name = LaunchScreen.storyboard;
			sourceTree = "<group>";
		};
/* End PBXVariantGroup section */

/* Begin XCBuildConfiguration section */
		6D4FEFCF1D8F82BD00B0FA63 /* Debug */ = {
			isa = XCBuildConfiguration;
			buildSettings = {
				ALWAYS_SEARCH_USER_PATHS = NO;
				CLANG_ANALYZER_NONNULL = YES;
				CLANG_CXX_LANGUAGE_STANDARD = "gnu++0x";
				CLANG_CXX_LIBRARY = "libc++";
				CLANG_ENABLE_MODULES = YES;
				CLANG_ENABLE_OBJC_ARC = YES;
				CLANG_WARN_BOOL_CONVERSION = YES;
				CLANG_WARN_CONSTANT_CONVERSION = YES;
				CLANG_WARN_DIRECT_OBJC_ISA_USAGE = YES_ERROR;
				CLANG_WARN_EMPTY_BODY = YES;
				CLANG_WARN_ENUM_CONVERSION = YES;
				CLANG_WARN_INT_CONVERSION = YES;
				CLANG_WARN_OBJC_ROOT_CLASS = YES_ERROR;
				CLANG_WARN_UNREACHABLE_CODE = YES;
				CLANG_WARN__DUPLICATE_METHOD_MATCH = YES;
				"CODE_SIGN_IDENTITY[sdk=iphoneos*]" = "iPhone Developer";
				COPY_PHASE_STRIP = NO;
				DEBUG_INFORMATION_FORMAT = dwarf;
				ENABLE_STRICT_OBJC_MSGSEND = YES;
				ENABLE_TESTABILITY = YES;
				GCC_C_LANGUAGE_STANDARD = gnu99;
				GCC_DYNAMIC_NO_PIC = NO;
				GCC_NO_COMMON_BLOCKS = YES;
				GCC_OPTIMIZATION_LEVEL = 0;
				GCC_PREPROCESSOR_DEFINITIONS = (
					"DEBUG=1",
					"$(inherited)",
				);
				GCC_WARN_64_TO_32_BIT_CONVERSION = YES;
				GCC_WARN_ABOUT_RETURN_TYPE = YES_ERROR;
				GCC_WARN_UNDECLARED_SELECTOR = YES;
				GCC_WARN_UNINITIALIZED_AUTOS = YES_AGGRESSIVE;
				GCC_WARN_UNUSED_FUNCTION = YES;
				GCC_WARN_UNUSED_VARIABLE = YES;
				IPHONEOS_DEPLOYMENT_TARGET = 9.3;
				MTL_ENABLE_DEBUG_INFO = YES;
				ONLY_ACTIVE_ARCH = YES;
				SDKROOT = iphoneos;
				TARGETED_DEVICE_FAMILY = "1,2";
			};
			name = Debug;
		};
		6D4FEFD01D8F82BD00B0FA63 /* Release */ = {
			isa = XCBuildConfiguration;
			buildSettings = {
				ALWAYS_SEARCH_USER_PATHS = NO;
				CLANG_ANALYZER_NONNULL = YES;
				CLANG_CXX_LANGUAGE_STANDARD = "gnu++0x";
				CLANG_CXX_LIBRARY = "libc++";
				CLANG_ENABLE_MODULES = YES;
				CLANG_ENABLE_OBJC_ARC = YES;
				CLANG_WARN_BOOL_CONVERSION = YES;
				CLANG_WARN_CONSTANT_CONVERSION = YES;
				CLANG_WARN_DIRECT_OBJC_ISA_USAGE = YES_ERROR;
				CLANG_WARN_EMPTY_BODY = YES;
				CLANG_WARN_ENUM_CONVERSION = YES;
				CLANG_WARN_INT_CONVERSION = YES;
				CLANG_WARN_OBJC_ROOT_CLASS = YES_ERROR;
				CLANG_WARN_UNREACHABLE_CODE = YES;
				CLANG_WARN__DUPLICATE_METHOD_MATCH = YES;
				"CODE_SIGN_IDENTITY[sdk=iphoneos*]" = "iPhone Developer";
				COPY_PHASE_STRIP = NO;
				DEBUG_INFORMATION_FORMAT = "dwarf-with-dsym";
				ENABLE_NS_ASSERTIONS = NO;
				ENABLE_STRICT_OBJC_MSGSEND = YES;
				GCC_C_LANGUAGE_STANDARD = gnu99;
				GCC_NO_COMMON_BLOCKS = YES;
				GCC_WARN_64_TO_32_BIT_CONVERSION = YES;
				GCC_WARN_ABOUT_RETURN_TYPE = YES_ERROR;
				GCC_WARN_UNDECLARED_SELECTOR = YES;
				GCC_WARN_UNINITIALIZED_AUTOS = YES_AGGRESSIVE;
				GCC_WARN_UNUSED_FUNCTION = YES;
				GCC_WARN_UNUSED_VARIABLE = YES;
				IPHONEOS_DEPLOYMENT_TARGET = 9.3;
				MTL_ENABLE_DEBUG_INFO = NO;
				SDKROOT = iphoneos;
				TARGETED_DEVICE_FAMILY = "1,2";
				VALIDATE_PRODUCT = YES;
			};
			name = Release;
		};
		6D4FEFD21D8F82BD00B0FA63 /* Debug */ = {
			isa = XCBuildConfiguration;
			baseConfigurationReference = 5D00BB1446BA4AAA494E3486 /* Pods-YYTFramework.debug.xcconfig */;
			buildSettings = {
				ASSETCATALOG_COMPILER_APPICON_NAME = AppIcon;
				DEVELOPMENT_TEAM = J8TMZ49NQ6;
				ENABLE_BITCODE = NO;
				FRAMEWORK_SEARCH_PATHS = (
					"\"$(PROJECT_DIR)/../Source\"",
					"$(inherited)",
					"\"${PODS_ROOT}/FirebaseAnalytics/Frameworks/frameworks\"",
					"\"${PODS_ROOT}/FirebaseInstanceID/Frameworks/frameworks\"",
					"\"${PODS_ROOT}/Google-Mobile-Ads-SDK/Frameworks\"",
					"\"${PODS_ROOT}/GoogleInterchangeUtilities/Frameworks\"",
					"\"${PODS_ROOT}/GoogleSymbolUtilities/Frameworks\"",
					"\"${PODS_ROOT}/GoogleUtilities/Frameworks\"",
				);
				HEADER_SEARCH_PATHS = (
					"$(inherited)",
					"${PODS_ROOT}/Firebase/Analytics/Sources",
					"$(inherited)",
					"\"${PODS_ROOT}/Headers/Public\"",
					"\"${PODS_ROOT}/Headers/Public/Firebase\"",
					"\"${PODS_ROOT}/Headers/Public/FirebaseAnalytics\"",
					"\"${PODS_ROOT}/Headers/Public/FirebaseInstanceID\"",
					"\"${PODS_ROOT}/Headers/Public/Google-Mobile-Ads-SDK\"",
					"\"${PODS_ROOT}/Headers/Public/GoogleInterchangeUtilities\"",
					"\"${PODS_ROOT}/Headers/Public/GoogleSymbolUtilities\"",
					"\"${PODS_ROOT}/Headers/Public/GoogleUtilities\"",
					"\"$(PROJECT_DIR)/../Source/YYTAd\"",
				);
				INFOPLIST_FILE = YYTFramework/Info.plist;
				LD_RUNPATH_SEARCH_PATHS = "$(inherited) @executable_path/Frameworks";
				LIBRARY_SEARCH_PATHS = "\"$(PROJECT_DIR)/../Source\"";
				ONLY_ACTIVE_ARCH = NO;
				PRODUCT_BUNDLE_IDENTIFIER = soon.YYTFramework;
				PRODUCT_NAME = "$(TARGET_NAME)";
			};
			name = Debug;
		};
		6D4FEFD31D8F82BD00B0FA63 /* Release */ = {
			isa = XCBuildConfiguration;
			baseConfigurationReference = D25E46611E5E7D06625D4EA9 /* Pods-YYTFramework.release.xcconfig */;
			buildSettings = {
				ASSETCATALOG_COMPILER_APPICON_NAME = AppIcon;
				DEVELOPMENT_TEAM = J8TMZ49NQ6;
				ENABLE_BITCODE = NO;
				FRAMEWORK_SEARCH_PATHS = (
					"\"$(PROJECT_DIR)/../Source\"",
					"$(inherited)",
					"\"${PODS_ROOT}/FirebaseAnalytics/Frameworks/frameworks\"",
					"\"${PODS_ROOT}/FirebaseInstanceID/Frameworks/frameworks\"",
					"\"${PODS_ROOT}/Google-Mobile-Ads-SDK/Frameworks\"",
					"\"${PODS_ROOT}/GoogleInterchangeUtilities/Frameworks\"",
					"\"${PODS_ROOT}/GoogleSymbolUtilities/Frameworks\"",
					"\"${PODS_ROOT}/GoogleUtilities/Frameworks\"",
				);
				HEADER_SEARCH_PATHS = (
					"$(inherited)",
					"${PODS_ROOT}/Firebase/Analytics/Sources",
					"$(inherited)",
					"\"${PODS_ROOT}/Headers/Public\"",
					"\"${PODS_ROOT}/Headers/Public/Firebase\"",
					"\"${PODS_ROOT}/Headers/Public/FirebaseAnalytics\"",
					"\"${PODS_ROOT}/Headers/Public/FirebaseInstanceID\"",
					"\"${PODS_ROOT}/Headers/Public/Google-Mobile-Ads-SDK\"",
					"\"${PODS_ROOT}/Headers/Public/GoogleInterchangeUtilities\"",
					"\"${PODS_ROOT}/Headers/Public/GoogleSymbolUtilities\"",
					"\"${PODS_ROOT}/Headers/Public/GoogleUtilities\"",
					"\"$(PROJECT_DIR)/../Source/YYTAd\"",
				);
				INFOPLIST_FILE = YYTFramework/Info.plist;
				LD_RUNPATH_SEARCH_PATHS = "$(inherited) @executable_path/Frameworks";
				LIBRARY_SEARCH_PATHS = "\"$(PROJECT_DIR)/../Source\"";
				ONLY_ACTIVE_ARCH = NO;
				PRODUCT_BUNDLE_IDENTIFIER = soon.YYTFramework;
				PRODUCT_NAME = "$(TARGET_NAME)";
			};
			name = Release;
		};
/* End XCBuildConfiguration section */

/* Begin XCConfigurationList section */
		6D4FEFB51D8F82BD00B0FA63 /* Build configuration list for PBXProject "YYTFramework" */ = {
			isa = XCConfigurationList;
			buildConfigurations = (
				6D4FEFCF1D8F82BD00B0FA63 /* Debug */,
				6D4FEFD01D8F82BD00B0FA63 /* Release */,
			);
			defaultConfigurationIsVisible = 0;
			defaultConfigurationName = Release;
		};
		6D4FEFD11D8F82BD00B0FA63 /* Build configuration list for PBXNativeTarget "YYTFramework" */ = {
			isa = XCConfigurationList;
			buildConfigurations = (
				6D4FEFD21D8F82BD00B0FA63 /* Debug */,
				6D4FEFD31D8F82BD00B0FA63 /* Release */,
			);
			defaultConfigurationIsVisible = 0;
			defaultConfigurationName = Release;
		};
/* End XCConfigurationList section */
	};
	rootObject = 6D4FEFB21D8F82BD00B0FA63 /* Project object */;
}
